
Microsoft Visual Studio Solution File, Format Version 12.00
# Visual Studio 15
VisualStudioVersion = 15.0.26124.0
MinimumVisualStudioVersion = 15.0.26124.0
Project("{2150E333-8FDC-42A3-9474-1A3956D46DE8}") = "01 Infraestructure", "01 Infraestructure", "{26FEE438-965B-411A-877B-262210A3E2FA}"
EndProject
Project("{FAE04EC0-301F-11D3-BF4B-00C04F79EFBC}") = "Infraestructure.Data", "Infraestructure.Data\Infraestructure.Data.csproj", "{34A1D728-6CED-4676-B3CC-1340B9684D10}"
EndProject
Project("{FAE04EC0-301F-11D3-BF4B-00C04F79EFBC}") = "Infraestructure.Interface", "Infraestructure.Interface\Infraestructure.Interface.csproj", "{710F694E-BC55-4EB2-A962-D692B619041B}"
EndProject
Project("{FAE04EC0-301F-11D3-BF4B-00C04F79EFBC}") = "Infraestructure.Repository", "Infraestructure.Repository\Infraestructure.Repository.csproj", "{65489ABC-195B-4C5D-84A7-29CA8FCB6F34}"
EndProject
Project("{2150E333-8FDC-42A3-9474-1A3956D46DE8}") = "02 Domain", "02 Domain", "{0181C21C-3FE6-4E2A-86FA-560F76F24A98}"
EndProject
Project("{FAE04EC0-301F-11D3-BF4B-00C04F79EFBC}") = "Domain.Core", "Domain.Core\Domain.Core.csproj", "{48B03DA3-AC75-4CA1-A4F6-E0D991520CE8}"
EndProject
Project("{FAE04EC0-301F-11D3-BF4B-00C04F79EFBC}") = "Domain.Entity", "Domain.Entity\Domain.Entity.csproj", "{E7151E9A-3D5F-40FB-8B1E-F5EEE3210CA2}"
EndProject
Project("{FAE04EC0-301F-11D3-BF4B-00C04F79EFBC}") = "Domain.Interface", "Domain.Interface\Domain.Interface.csproj", "{221329F4-95EC-4A48-8E23-16AAA97D6AF3}"
EndProject
Project("{2150E333-8FDC-42A3-9474-1A3956D46DE8}") = "03 Application", "03 Application", "{99DDE30B-C818-4E0A-BC8F-15BB8E90C7D2}"
EndProject
Project("{FAE04EC0-301F-11D3-BF4B-00C04F79EFBC}") = "Application.DTO", "Application.DTO\Application.DTO.csproj", "{8116703A-7309-43B8-B22B-41610886A692}"
EndProject
Project("{FAE04EC0-301F-11D3-BF4B-00C04F79EFBC}") = "Application.Interface", "Application.Interface\Application.Interface.csproj", "{18CA08BA-B5A8-4898-AE67-8ACBC76C206F}"
EndProject
Project("{FAE04EC0-301F-11D3-BF4B-00C04F79EFBC}") = "Application.Main", "Application.Main\Application.Main.csproj", "{A3711BFF-599D-4828-8622-B37BCAEF0D47}"
EndProject
Project("{2150E333-8FDC-42A3-9474-1A3956D46DE8}") = "04 Service", "04 Service", "{7F48FD90-6F1A-4C8D-86B0-CC38EB203B30}"
EndProject
Project("{FAE04EC0-301F-11D3-BF4B-00C04F79EFBC}") = "Service.WebApi", "Service.WebApi\Service.WebApi.csproj", "{8BDA4804-6AEC-494A-8CCA-CC7BC9524F9C}"
EndProject
Project("{2150E333-8FDC-42A3-9474-1A3956D46DE8}") = "05 Transversal", "05 Transversal", "{1E560A00-FDF9-40DC-AF00-E76DE9DF6139}"
EndProject
Project("{FAE04EC0-301F-11D3-BF4B-00C04F79EFBC}") = "Transversal.Common", "Transversal.Common\Transversal.Common.csproj", "{1F01B0E2-99E4-4A47-A1E2-4C153C0DCBEC}"
EndProject
Project("{FAE04EC0-301F-11D3-BF4B-00C04F79EFBC}") = "Transversal.Logging", "Transversal.Logging\Transversal.Logging.csproj", "{2FE323A2-8F5B-468D-A6D0-869CC5B03208}"
EndProject
Project("{2150E333-8FDC-42A3-9474-1A3956D46DE8}") = "06 Test", "06 Test", "{C135CFFD-8B29-4AF8-8ADD-2845F43320B3}"
EndProject
Project("{FAE04EC0-301F-11D3-BF4B-00C04F79EFBC}") = "Test", "Test\Test.csproj", "{0931F699-BCAD-4CAA-A73C-3F0D01072E33}"
EndProject
Global
	GlobalSection(SolutionConfigurationPlatforms) = preSolution
		Debug|Any CPU = Debug|Any CPU
		Debug|x64 = Debug|x64
		Debug|x86 = Debug|x86
		Release|Any CPU = Release|Any CPU
		Release|x64 = Release|x64
		Release|x86 = Release|x86
	EndGlobalSection
	GlobalSection(SolutionProperties) = preSolution
		HideSolutionNode = FALSE
	EndGlobalSection
	GlobalSection(ProjectConfigurationPlatforms) = postSolution
		{34A1D728-6CED-4676-B3CC-1340B9684D10}.Debug|Any CPU.ActiveCfg = Debug|Any CPU
		{34A1D728-6CED-4676-B3CC-1340B9684D10}.Debug|Any CPU.Build.0 = Debug|Any CPU
		{34A1D728-6CED-4676-B3CC-1340B9684D10}.Debug|x64.ActiveCfg = Debug|Any CPU
		{34A1D728-6CED-4676-B3CC-1340B9684D10}.Debug|x64.Build.0 = Debug|Any CPU
		{34A1D728-6CED-4676-B3CC-1340B9684D10}.Debug|x86.ActiveCfg = Debug|Any CPU
		{34A1D728-6CED-4676-B3CC-1340B9684D10}.Debug|x86.Build.0 = Debug|Any CPU
		{34A1D728-6CED-4676-B3CC-1340B9684D10}.Release|Any CPU.ActiveCfg = Release|Any CPU
		{34A1D728-6CED-4676-B3CC-1340B9684D10}.Release|Any CPU.Build.0 = Release|Any CPU
		{34A1D728-6CED-4676-B3CC-1340B9684D10}.Release|x64.ActiveCfg = Release|Any CPU
		{34A1D728-6CED-4676-B3CC-1340B9684D10}.Release|x64.Build.0 = Release|Any CPU
		{34A1D728-6CED-4676-B3CC-1340B9684D10}.Release|x86.ActiveCfg = Release|Any CPU
		{34A1D728-6CED-4676-B3CC-1340B9684D10}.Release|x86.Build.0 = Release|Any CPU
		{710F694E-BC55-4EB2-A962-D692B619041B}.Debug|Any CPU.ActiveCfg = Debug|Any CPU
		{710F694E-BC55-4EB2-A962-D692B619041B}.Debug|Any CPU.Build.0 = Debug|Any CPU
		{710F694E-BC55-4EB2-A962-D692B619041B}.Debug|x64.ActiveCfg = Debug|Any CPU
		{710F694E-BC55-4EB2-A962-D692B619041B}.Debug|x64.Build.0 = Debug|Any CPU
		{710F694E-BC55-4EB2-A962-D692B619041B}.Debug|x86.ActiveCfg = Debug|Any CPU
		{710F694E-BC55-4EB2-A962-D692B619041B}.Debug|x86.Build.0 = Debug|Any CPU
		{710F694E-BC55-4EB2-A962-D692B619041B}.Release|Any CPU.ActiveCfg = Release|Any CPU
		{710F694E-BC55-4EB2-A962-D692B619041B}.Release|Any CPU.Build.0 = Release|Any CPU
		{710F694E-BC55-4EB2-A962-D692B619041B}.Release|x64.ActiveCfg = Release|Any CPU
		{710F694E-BC55-4EB2-A962-D692B619041B}.Release|x64.Build.0 = Release|Any CPU
		{710F694E-BC55-4EB2-A962-D692B619041B}.Release|x86.ActiveCfg = Release|Any CPU
		{710F694E-BC55-4EB2-A962-D692B619041B}.Release|x86.Build.0 = Release|Any CPU
		{65489ABC-195B-4C5D-84A7-29CA8FCB6F34}.Debug|Any CPU.ActiveCfg = Debug|Any CPU
		{65489ABC-195B-4C5D-84A7-29CA8FCB6F34}.Debug|Any CPU.Build.0 = Debug|Any CPU
		{65489ABC-195B-4C5D-84A7-29CA8FCB6F34}.Debug|x64.ActiveCfg = Debug|Any CPU
		{65489ABC-195B-4C5D-84A7-29CA8FCB6F34}.Debug|x64.Build.0 = Debug|Any CPU
		{65489ABC-195B-4C5D-84A7-29CA8FCB6F34}.Debug|x86.ActiveCfg = Debug|Any CPU
		{65489ABC-195B-4C5D-84A7-29CA8FCB6F34}.Debug|x86.Build.0 = Debug|Any CPU
		{65489ABC-195B-4C5D-84A7-29CA8FCB6F34}.Release|Any CPU.ActiveCfg = Release|Any CPU
		{65489ABC-195B-4C5D-84A7-29CA8FCB6F34}.Release|Any CPU.Build.0 = Release|Any CPU
		{65489ABC-195B-4C5D-84A7-29CA8FCB6F34}.Release|x64.ActiveCfg = Release|Any CPU
		{65489ABC-195B-4C5D-84A7-29CA8FCB6F34}.Release|x64.Build.0 = Release|Any CPU
		{65489ABC-195B-4C5D-84A7-29CA8FCB6F34}.Release|x86.ActiveCfg = Release|Any CPU
		{65489ABC-195B-4C5D-84A7-29CA8FCB6F34}.Release|x86.Build.0 = Release|Any CPU
		{48B03DA3-AC75-4CA1-A4F6-E0D991520CE8}.Debug|Any CPU.ActiveCfg = Debug|Any CPU
		{48B03DA3-AC75-4CA1-A4F6-E0D991520CE8}.Debug|Any CPU.Build.0 = Debug|Any CPU
		{48B03DA3-AC75-4CA1-A4F6-E0D991520CE8}.Debug|x64.ActiveCfg = Debug|Any CPU
		{48B03DA3-AC75-4CA1-A4F6-E0D991520CE8}.Debug|x64.Build.0 = Debug|Any CPU
		{48B03DA3-AC75-4CA1-A4F6-E0D991520CE8}.Debug|x86.ActiveCfg = Debug|Any CPU
		{48B03DA3-AC75-4CA1-A4F6-E0D991520CE8}.Debug|x86.Build.0 = Debug|Any CPU
		{48B03DA3-AC75-4CA1-A4F6-E0D991520CE8}.Release|Any CPU.ActiveCfg = Release|Any CPU
		{48B03DA3-AC75-4CA1-A4F6-E0D991520CE8}.Release|Any CPU.Build.0 = Release|Any CPU
		{48B03DA3-AC75-4CA1-A4F6-E0D991520CE8}.Release|x64.ActiveCfg = Release|Any CPU
		{48B03DA3-AC75-4CA1-A4F6-E0D991520CE8}.Release|x64.Build.0 = Release|Any CPU
		{48B03DA3-AC75-4CA1-A4F6-E0D991520CE8}.Release|x86.ActiveCfg = Release|Any CPU
		{48B03DA3-AC75-4CA1-A4F6-E0D991520CE8}.Release|x86.Build.0 = Release|Any CPU
		{E7151E9A-3D5F-40FB-8B1E-F5EEE3210CA2}.Debug|Any CPU.ActiveCfg = Debug|Any CPU
		{E7151E9A-3D5F-40FB-8B1E-F5EEE3210CA2}.Debug|Any CPU.Build.0 = Debug|Any CPU
		{E7151E9A-3D5F-40FB-8B1E-F5EEE3210CA2}.Debug|x64.ActiveCfg = Debug|Any CPU
		{E7151E9A-3D5F-40FB-8B1E-F5EEE3210CA2}.Debug|x64.Build.0 = Debug|Any CPU
		{E7151E9A-3D5F-40FB-8B1E-F5EEE3210CA2}.Debug|x86.ActiveCfg = Debug|Any CPU
		{E7151E9A-3D5F-40FB-8B1E-F5EEE3210CA2}.Debug|x86.Build.0 = Debug|Any CPU
		{E7151E9A-3D5F-40FB-8B1E-F5EEE3210CA2}.Release|Any CPU.ActiveCfg = Release|Any CPU
		{E7151E9A-3D5F-40FB-8B1E-F5EEE3210CA2}.Release|Any CPU.Build.0 = Release|Any CPU
		{E7151E9A-3D5F-40FB-8B1E-F5EEE3210CA2}.Release|x64.ActiveCfg = Release|Any CPU
		{E7151E9A-3D5F-40FB-8B1E-F5EEE3210CA2}.Release|x64.Build.0 = Release|Any CPU
		{E7151E9A-3D5F-40FB-8B1E-F5EEE3210CA2}.Release|x86.ActiveCfg = Release|Any CPU
		{E7151E9A-3D5F-40FB-8B1E-F5EEE3210CA2}.Release|x86.Build.0 = Release|Any CPU
		{221329F4-95EC-4A48-8E23-16AAA97D6AF3}.Debug|Any CPU.ActiveCfg = Debug|Any CPU
		{221329F4-95EC-4A48-8E23-16AAA97D6AF3}.Debug|Any CPU.Build.0 = Debug|Any CPU
		{221329F4-95EC-4A48-8E23-16AAA97D6AF3}.Debug|x64.ActiveCfg = Debug|Any CPU
		{221329F4-95EC-4A48-8E23-16AAA97D6AF3}.Debug|x64.Build.0 = Debug|Any CPU
		{221329F4-95EC-4A48-8E23-16AAA97D6AF3}.Debug|x86.ActiveCfg = Debug|Any CPU
		{221329F4-95EC-4A48-8E23-16AAA97D6AF3}.Debug|x86.Build.0 = Debug|Any CPU
		{221329F4-95EC-4A48-8E23-16AAA97D6AF3}.Release|Any CPU.ActiveCfg = Release|Any CPU
		{221329F4-95EC-4A48-8E23-16AAA97D6AF3}.Release|Any CPU.Build.0 = Release|Any CPU
		{221329F4-95EC-4A48-8E23-16AAA97D6AF3}.Release|x64.ActiveCfg = Release|Any CPU
		{221329F4-95EC-4A48-8E23-16AAA97D6AF3}.Release|x64.Build.0 = Release|Any CPU
		{221329F4-95EC-4A48-8E23-16AAA97D6AF3}.Release|x86.ActiveCfg = Release|Any CPU
		{221329F4-95EC-4A48-8E23-16AAA97D6AF3}.Release|x86.Build.0 = Release|Any CPU
		{8116703A-7309-43B8-B22B-41610886A692}.Debug|Any CPU.ActiveCfg = Debug|Any CPU
		{8116703A-7309-43B8-B22B-41610886A692}.Debug|Any CPU.Build.0 = Debug|Any CPU
		{8116703A-7309-43B8-B22B-41610886A692}.Debug|x64.ActiveCfg = Debug|Any CPU
		{8116703A-7309-43B8-B22B-41610886A692}.Debug|x64.Build.0 = Debug|Any CPU
		{8116703A-7309-43B8-B22B-41610886A692}.Debug|x86.ActiveCfg = Debug|Any CPU
		{8116703A-7309-43B8-B22B-41610886A692}.Debug|x86.Build.0 = Debug|Any CPU
		{8116703A-7309-43B8-B22B-41610886A692}.Release|Any CPU.ActiveCfg = Release|Any CPU
		{8116703A-7309-43B8-B22B-41610886A692}.Release|Any CPU.Build.0 = Release|Any CPU
		{8116703A-7309-43B8-B22B-41610886A692}.Release|x64.ActiveCfg = Release|Any CPU
		{8116703A-7309-43B8-B22B-41610886A692}.Release|x64.Build.0 = Release|Any CPU
		{8116703A-7309-43B8-B22B-41610886A692}.Release|x86.ActiveCfg = Release|Any CPU
		{8116703A-7309-43B8-B22B-41610886A692}.Release|x86.Build.0 = Release|Any CPU
		{18CA08BA-B5A8-4898-AE67-8ACBC76C206F}.Debug|Any CPU.ActiveCfg = Debug|Any CPU
		{18CA08BA-B5A8-4898-AE67-8ACBC76C206F}.Debug|Any CPU.Build.0 = Debug|Any CPU
		{18CA08BA-B5A8-4898-AE67-8ACBC76C206F}.Debug|x64.ActiveCfg = Debug|Any CPU
		{18CA08BA-B5A8-4898-AE67-8ACBC76C206F}.Debug|x64.Build.0 = Debug|Any CPU
		{18CA08BA-B5A8-4898-AE67-8ACBC76C206F}.Debug|x86.ActiveCfg = Debug|Any CPU
		{18CA08BA-B5A8-4898-AE67-8ACBC76C206F}.Debug|x86.Build.0 = Debug|Any CPU
		{18CA08BA-B5A8-4898-AE67-8ACBC76C206F}.Release|Any CPU.ActiveCfg = Release|Any CPU
		{18CA08BA-B5A8-4898-AE67-8ACBC76C206F}.Release|Any CPU.Build.0 = Release|Any CPU
		{18CA08BA-B5A8-4898-AE67-8ACBC76C206F}.Release|x64.ActiveCfg = Release|Any CPU
		{18CA08BA-B5A8-4898-AE67-8ACBC76C206F}.Release|x64.Build.0 = Release|Any CPU
		{18CA08BA-B5A8-4898-AE67-8ACBC76C206F}.Release|x86.ActiveCfg = Release|Any CPU
		{18CA08BA-B5A8-4898-AE67-8ACBC76C206F}.Release|x86.Build.0 = Release|Any CPU
		{A3711BFF-599D-4828-8622-B37BCAEF0D47}.Debug|Any CPU.ActiveCfg = Debug|Any CPU
		{A3711BFF-599D-4828-8622-B37BCAEF0D47}.Debug|Any CPU.Build.0 = Debug|Any CPU
		{A3711BFF-599D-4828-8622-B37BCAEF0D47}.Debug|x64.ActiveCfg = Debug|Any CPU
		{A3711BFF-599D-4828-8622-B37BCAEF0D47}.Debug|x64.Build.0 = Debug|Any CPU
		{A3711BFF-599D-4828-8622-B37BCAEF0D47}.Debug|x86.ActiveCfg = Debug|Any CPU
		{A3711BFF-599D-4828-8622-B37BCAEF0D47}.Debug|x86.Build.0 = Debug|Any CPU
		{A3711BFF-599D-4828-8622-B37BCAEF0D47}.Release|Any CPU.ActiveCfg = Release|Any CPU
		{A3711BFF-599D-4828-8622-B37BCAEF0D47}.Release|Any CPU.Build.0 = Release|Any CPU
		{A3711BFF-599D-4828-8622-B37BCAEF0D47}.Release|x64.ActiveCfg = Release|Any CPU
		{A3711BFF-599D-4828-8622-B37BCAEF0D47}.Release|x64.Build.0 = Release|Any CPU
		{A3711BFF-599D-4828-8622-B37BCAEF0D47}.Release|x86.ActiveCfg = Release|Any CPU
		{A3711BFF-599D-4828-8622-B37BCAEF0D47}.Release|x86.Build.0 = Release|Any CPU
		{8BDA4804-6AEC-494A-8CCA-CC7BC9524F9C}.Debug|Any CPU.ActiveCfg = Debug|Any CPU
		{8BDA4804-6AEC-494A-8CCA-CC7BC9524F9C}.Debug|Any CPU.Build.0 = Debug|Any CPU
		{8BDA4804-6AEC-494A-8CCA-CC7BC9524F9C}.Debug|x64.ActiveCfg = Debug|Any CPU
		{8BDA4804-6AEC-494A-8CCA-CC7BC9524F9C}.Debug|x64.Build.0 = Debug|Any CPU
		{8BDA4804-6AEC-494A-8CCA-CC7BC9524F9C}.Debug|x86.ActiveCfg = Debug|Any CPU
		{8BDA4804-6AEC-494A-8CCA-CC7BC9524F9C}.Debug|x86.Build.0 = Debug|Any CPU
		{8BDA4804-6AEC-494A-8CCA-CC7BC9524F9C}.Release|Any CPU.ActiveCfg = Release|Any CPU
		{8BDA4804-6AEC-494A-8CCA-CC7BC9524F9C}.Release|Any CPU.Build.0 = Release|Any CPU
		{8BDA4804-6AEC-494A-8CCA-CC7BC9524F9C}.Release|x64.ActiveCfg = Release|Any CPU
		{8BDA4804-6AEC-494A-8CCA-CC7BC9524F9C}.Release|x64.Build.0 = Release|Any CPU
		{8BDA4804-6AEC-494A-8CCA-CC7BC9524F9C}.Release|x86.ActiveCfg = Release|Any CPU
		{8BDA4804-6AEC-494A-8CCA-CC7BC9524F9C}.Release|x86.Build.0 = Release|Any CPU
		{1F01B0E2-99E4-4A47-A1E2-4C153C0DCBEC}.Debug|Any CPU.ActiveCfg = Debug|Any CPU
		{1F01B0E2-99E4-4A47-A1E2-4C153C0DCBEC}.Debug|Any CPU.Build.0 = Debug|Any CPU
		{1F01B0E2-99E4-4A47-A1E2-4C153C0DCBEC}.Debug|x64.ActiveCfg = Debug|Any CPU
		{1F01B0E2-99E4-4A47-A1E2-4C153C0DCBEC}.Debug|x64.Build.0 = Debug|Any CPU
		{1F01B0E2-99E4-4A47-A1E2-4C153C0DCBEC}.Debug|x86.ActiveCfg = Debug|Any CPU
		{1F01B0E2-99E4-4A47-A1E2-4C153C0DCBEC}.Debug|x86.Build.0 = Debug|Any CPU
		{1F01B0E2-99E4-4A47-A1E2-4C153C0DCBEC}.Release|Any CPU.ActiveCfg = Release|Any CPU
		{1F01B0E2-99E4-4A47-A1E2-4C153C0DCBEC}.Release|Any CPU.Build.0 = Release|Any CPU
		{1F01B0E2-99E4-4A47-A1E2-4C153C0DCBEC}.Release|x64.ActiveCfg = Release|Any CPU
		{1F01B0E2-99E4-4A47-A1E2-4C153C0DCBEC}.Release|x64.Build.0 = Release|Any CPU
		{1F01B0E2-99E4-4A47-A1E2-4C153C0DCBEC}.Release|x86.ActiveCfg = Release|Any CPU
		{1F01B0E2-99E4-4A47-A1E2-4C153C0DCBEC}.Release|x86.Build.0 = Release|Any CPU
		{2FE323A2-8F5B-468D-A6D0-869CC5B03208}.Debug|Any CPU.ActiveCfg = Debug|Any CPU
		{2FE323A2-8F5B-468D-A6D0-869CC5B03208}.Debug|Any CPU.Build.0 = Debug|Any CPU
		{2FE323A2-8F5B-468D-A6D0-869CC5B03208}.Debug|x64.ActiveCfg = Debug|Any CPU
		{2FE323A2-8F5B-468D-A6D0-869CC5B03208}.Debug|x64.Build.0 = Debug|Any CPU
		{2FE323A2-8F5B-468D-A6D0-869CC5B03208}.Debug|x86.ActiveCfg = Debug|Any CPU
		{2FE323A2-8F5B-468D-A6D0-869CC5B03208}.Debug|x86.Build.0 = Debug|Any CPU
		{2FE323A2-8F5B-468D-A6D0-869CC5B03208}.Release|Any CPU.ActiveCfg = Release|Any CPU
		{2FE323A2-8F5B-468D-A6D0-869CC5B03208}.Release|Any CPU.Build.0 = Release|Any CPU
		{2FE323A2-8F5B-468D-A6D0-869CC5B03208}.Release|x64.ActiveCfg = Release|Any CPU
		{2FE323A2-8F5B-468D-A6D0-869CC5B03208}.Release|x64.Build.0 = Release|Any CPU
		{2FE323A2-8F5B-468D-A6D0-869CC5B03208}.Release|x86.ActiveCfg = Release|Any CPU
		{2FE323A2-8F5B-468D-A6D0-869CC5B03208}.Release|x86.Build.0 = Release|Any CPU
		{0931F699-BCAD-4CAA-A73C-3F0D01072E33}.Debug|Any CPU.ActiveCfg = Debug|Any CPU
		{0931F699-BCAD-4CAA-A73C-3F0D01072E33}.Debug|Any CPU.Build.0 = Debug|Any CPU
		{0931F699-BCAD-4CAA-A73C-3F0D01072E33}.Debug|x64.ActiveCfg = Debug|Any CPU
		{0931F699-BCAD-4CAA-A73C-3F0D01072E33}.Debug|x64.Build.0 = Debug|Any CPU
		{0931F699-BCAD-4CAA-A73C-3F0D01072E33}.Debug|x86.ActiveCfg = Debug|Any CPU
		{0931F699-BCAD-4CAA-A73C-3F0D01072E33}.Debug|x86.Build.0 = Debug|Any CPU
		{0931F699-BCAD-4CAA-A73C-3F0D01072E33}.Release|Any CPU.ActiveCfg = Release|Any CPU
		{0931F699-BCAD-4CAA-A73C-3F0D01072E33}.Release|Any CPU.Build.0 = Release|Any CPU
		{0931F699-BCAD-4CAA-A73C-3F0D01072E33}.Release|x64.ActiveCfg = Release|Any CPU
		{0931F699-BCAD-4CAA-A73C-3F0D01072E33}.Release|x64.Build.0 = Release|Any CPU
		{0931F699-BCAD-4CAA-A73C-3F0D01072E33}.Release|x86.ActiveCfg = Release|Any CPU
		{0931F699-BCAD-4CAA-A73C-3F0D01072E33}.Release|x86.Build.0 = Release|Any CPU
	EndGlobalSection
	GlobalSection(NestedProjects) = preSolution
		{34A1D728-6CED-4676-B3CC-1340B9684D10} = {26FEE438-965B-411A-877B-262210A3E2FA}
		{710F694E-BC55-4EB2-A962-D692B619041B} = {26FEE438-965B-411A-877B-262210A3E2FA}
		{65489ABC-195B-4C5D-84A7-29CA8FCB6F34} = {26FEE438-965B-411A-877B-262210A3E2FA}
		{48B03DA3-AC75-4CA1-A4F6-E0D991520CE8} = {0181C21C-3FE6-4E2A-86FA-560F76F24A98}
		{E7151E9A-3D5F-40FB-8B1E-F5EEE3210CA2} = {0181C21C-3FE6-4E2A-86FA-560F76F24A98}
		{221329F4-95EC-4A48-8E23-16AAA97D6AF3} = {0181C21C-3FE6-4E2A-86FA-560F76F24A98}
		{8116703A-7309-43B8-B22B-41610886A692} = {99DDE30B-C818-4E0A-BC8F-15BB8E90C7D2}
		{18CA08BA-B5A8-4898-AE67-8ACBC76C206F} = {99DDE30B-C818-4E0A-BC8F-15BB8E90C7D2}
		{A3711BFF-599D-4828-8622-B37BCAEF0D47} = {99DDE30B-C818-4E0A-BC8F-15BB8E90C7D2}
		{8BDA4804-6AEC-494A-8CCA-CC7BC9524F9C} = {7F48FD90-6F1A-4C8D-86B0-CC38EB203B30}
		{1F01B0E2-99E4-4A47-A1E2-4C153C0DCBEC} = {1E560A00-FDF9-40DC-AF00-E76DE9DF6139}
		{2FE323A2-8F5B-468D-A6D0-869CC5B03208} = {1E560A00-FDF9-40DC-AF00-E76DE9DF6139}
		{0931F699-BCAD-4CAA-A73C-3F0D01072E33} = {C135CFFD-8B29-4AF8-8ADD-2845F43320B3}
	EndGlobalSection
EndGlobal
